schema: '2.0'
stages:
  data_ingestion:
    cmd: python src/data/data_ingestion.py
    deps:
    - path: src/data/data_ingestion.py
      hash: md5
      md5: 0875c53bddbea8a198df1aa61061df98
      size: 3555
    params:
      params.yaml:
        data_ingestion.test_size: 0.2
    outs:
    - path: data/raw
      hash: md5
      md5: fb326d2eec197669f9638afde28356bf.dir
      size: 827973
      nfiles: 2
  data_preprocessing:
    cmd: python src/data/data_preprocessing.py
    deps:
    - path: data/raw
      hash: md5
      md5: fb326d2eec197669f9638afde28356bf.dir
      size: 827973
      nfiles: 2
    - path: src/data/data_preprocessing.py
      hash: md5
      md5: c1e18bf95fcc1e3d80cae9ee7c4a6383
      size: 4014
    outs:
    - path: data/interim
      hash: md5
      md5: ef37afd17951ea8af23114b28d26f784.dir
      size: 566210
      nfiles: 2
  feature_engineering:
    cmd: python src/features/feature_engineering.py
    deps:
    - path: data/interim
      hash: md5
      md5: ef37afd17951ea8af23114b28d26f784.dir
      size: 566210
      nfiles: 2
    - path: src/features/feature_engineering.py
      hash: md5
      md5: 3ff78f4ebd32137c8ddd0c1dfa6f33d6
      size: 3881
    params:
      params.yaml:
        feature_engineering.max_features: 5000
    outs:
    - path: data/processed
      hash: md5
      md5: 3e3275e3c40989b3d5a2c0dc3abcaa6b.dir
      size: 103818916
      nfiles: 2
  model_building:
    cmd: python src/model/model_building.py
    deps:
    - path: data/processed
      hash: md5
      md5: 3e3275e3c40989b3d5a2c0dc3abcaa6b.dir
      size: 103818916
      nfiles: 2
    - path: src/model/model_building.py
      hash: md5
      md5: 809681a98d52938b43c9befd0b00a422
      size: 2373
    outs:
    - path: models/model.pkl
      hash: md5
      md5: a71b050c5cc9db15aa0bb42665e93444
      size: 40657
  model_evaluation:
    cmd: python src/model/model_evaluation.py
    deps:
    - path: models/model.pkl
      hash: md5
      md5: a71b050c5cc9db15aa0bb42665e93444
      size: 40657
    - path: src/model/model_evaluation.py
      hash: md5
      md5: 934dc22e763f9f971f6d4509f3d48b75
      size: 5911
    outs:
    - path: reports/experiment_info.json
      hash: md5
      md5: 96ca7e688ed34fe2fd038a951db09647
      size: 118
    - path: reports/metrics.json
      hash: md5
      md5: f953ec5b7502f4ce8cb9acab0170ce21
      size: 144
  model_registration:
    cmd: python src/model/register_model.py
    deps:
    - path: reports/experiment_info.json
      hash: md5
      md5: 96ca7e688ed34fe2fd038a951db09647
      size: 118
    - path: src/model/register_model.py
      hash: md5
      md5: 46def7f391bbafa5efbb2539c6f87705
      size: 2539
